
Microsoft Visual Studio Solution File, Format Version 12.00
# Visual Studio Version 16
VisualStudioVersion = 16.0.31729.503
MinimumVisualStudioVersion = 10.0.40219.1
Project("{9A19103F-16F7-4668-BE54-9A1E7A4F7556}") = "BulkyBooks.Web", "BulkyBooks.Web\BulkyBooks.Web.csproj", "{2D2A68F7-FE93-430E-A26B-CC669D997881}"
EndProject
Project("{9A19103F-16F7-4668-BE54-9A1E7A4F7556}") = "BulkyBook.Page", "BulkyBook.Page\BulkyBook.Page.csproj", "{14C7E60F-8A0D-4DA3-90D4-9F8BF16D390D}"
EndProject
Project("{FAE04EC0-301F-11D3-BF4B-00C04F79EFBC}") = "BulkyBooks.DataAccess", "BulkyBooks.DataAccess\BulkyBooks.DataAccess.csproj", "{F4A77142-2797-4478-ADC9-AC1B60E29A01}"
EndProject
Project("{FAE04EC0-301F-11D3-BF4B-00C04F79EFBC}") = "BulkyBooks.Models", "BulkyBooks.Models\BulkyBooks.Models.csproj", "{916EDDA5-7019-487E-89DA-5E557BD77995}"
EndProject
Project("{FAE04EC0-301F-11D3-BF4B-00C04F79EFBC}") = "BulkyBooks.Utility", "BulkyBooks.Utility\BulkyBooks.Utility.csproj", "{DAB3F579-9B45-443E-873E-4ED86F741377}"
EndProject
Global
	GlobalSection(SolutionConfigurationPlatforms) = preSolution
		Debug|Any CPU = Debug|Any CPU
		Release|Any CPU = Release|Any CPU
	EndGlobalSection
	GlobalSection(ProjectConfigurationPlatforms) = postSolution
		{2D2A68F7-FE93-430E-A26B-CC669D997881}.Debug|Any CPU.ActiveCfg = Debug|Any CPU
		{2D2A68F7-FE93-430E-A26B-CC669D997881}.Debug|Any CPU.Build.0 = Debug|Any CPU
		{2D2A68F7-FE93-430E-A26B-CC669D997881}.Release|Any CPU.ActiveCfg = Release|Any CPU
		{2D2A68F7-FE93-430E-A26B-CC669D997881}.Release|Any CPU.Build.0 = Release|Any CPU
		{14C7E60F-8A0D-4DA3-90D4-9F8BF16D390D}.Debug|Any CPU.ActiveCfg = Debug|Any CPU
		{14C7E60F-8A0D-4DA3-90D4-9F8BF16D390D}.Debug|Any CPU.Build.0 = Debug|Any CPU
		{14C7E60F-8A0D-4DA3-90D4-9F8BF16D390D}.Release|Any CPU.ActiveCfg = Release|Any CPU
		{14C7E60F-8A0D-4DA3-90D4-9F8BF16D390D}.Release|Any CPU.Build.0 = Release|Any CPU
		{F4A77142-2797-4478-ADC9-AC1B60E29A01}.Debug|Any CPU.ActiveCfg = Debug|Any CPU
		{F4A77142-2797-4478-ADC9-AC1B60E29A01}.Debug|Any CPU.Build.0 = Debug|Any CPU
		{F4A77142-2797-4478-ADC9-AC1B60E29A01}.Release|Any CPU.ActiveCfg = Release|Any CPU
		{F4A77142-2797-4478-ADC9-AC1B60E29A01}.Release|Any CPU.Build.0 = Release|Any CPU
		{916EDDA5-7019-487E-89DA-5E557BD77995}.Debug|Any CPU.ActiveCfg = Debug|Any CPU
		{916EDDA5-7019-487E-89DA-5E557BD77995}.Debug|Any CPU.Build.0 = Debug|Any CPU
		{916EDDA5-7019-487E-89DA-5E557BD77995}.Release|Any CPU.ActiveCfg = Release|Any CPU
		{916EDDA5-7019-487E-89DA-5E557BD77995}.Release|Any CPU.Build.0 = Release|Any CPU
		{DAB3F579-9B45-443E-873E-4ED86F741377}.Debug|Any CPU.ActiveCfg = Debug|Any CPU
		{DAB3F579-9B45-443E-873E-4ED86F741377}.Debug|Any CPU.Build.0 = Debug|Any CPU
		{DAB3F579-9B45-443E-873E-4ED86F741377}.Release|Any CPU.ActiveCfg = Release|Any CPU
		{DAB3F579-9B45-443E-873E-4ED86F741377}.Release|Any CPU.Build.0 = Release|Any CPU
	EndGlobalSection
	GlobalSection(SolutionProperties) = preSolution
		HideSolutionNode = FALSE
	EndGlobalSection
	GlobalSection(ExtensibilityGlobals) = postSolution
		SolutionGuid = {60EC0482-5FC2-4BCA-BF74-046513F8F4E5}
	EndGlobalSection
EndGlobal
